
Microsoft Visual Studio Solution File, Format Version 12.00
# Visual Studio Version 16
VisualStudioVersion = 16.0.29709.97
MinimumVisualStudioVersion = 10.0.40219.1
Project("{FAE04EC0-301F-11D3-BF4B-00C04F79EFBC}") = "WingsOn.Domain", "WingsOn.Domain\WingsOn.Domain.csproj", "{0167ECBA-9B08-45D1-A9A4-133A4990C1EA}"
EndProject
Project("{FAE04EC0-301F-11D3-BF4B-00C04F79EFBC}") = "WingsOn.Dal", "WingsOn.Dal\WingsOn.Dal.csproj", "{00CD1F2A-D500-43D3-BADB-06E0DA6DE0F6}"
EndProject
Project("{FAE04EC0-301F-11D3-BF4B-00C04F79EFBC}") = "WingsOn.Api", "WingsOn.Api\WingsOn.Api.csproj", "{0CB16DB4-43FC-406F-B7E0-BA77AFF7B9AE}"
EndProject
Global
	GlobalSection(SolutionConfigurationPlatforms) = preSolution
		Debug|Any CPU = Debug|Any CPU
		Release|Any CPU = Release|Any CPU
	EndGlobalSection
	GlobalSection(ProjectConfigurationPlatforms) = postSolution
		{0167ECBA-9B08-45D1-A9A4-133A4990C1EA}.Debug|Any CPU.ActiveCfg = Debug|Any CPU
		{0167ECBA-9B08-45D1-A9A4-133A4990C1EA}.Debug|Any CPU.Build.0 = Debug|Any CPU
		{0167ECBA-9B08-45D1-A9A4-133A4990C1EA}.Release|Any CPU.ActiveCfg = Release|Any CPU
		{0167ECBA-9B08-45D1-A9A4-133A4990C1EA}.Release|Any CPU.Build.0 = Release|Any CPU
		{00CD1F2A-D500-43D3-BADB-06E0DA6DE0F6}.Debug|Any CPU.ActiveCfg = Debug|Any CPU
		{00CD1F2A-D500-43D3-BADB-06E0DA6DE0F6}.Debug|Any CPU.Build.0 = Debug|Any CPU
		{00CD1F2A-D500-43D3-BADB-06E0DA6DE0F6}.Release|Any CPU.ActiveCfg = Release|Any CPU
		{00CD1F2A-D500-43D3-BADB-06E0DA6DE0F6}.Release|Any CPU.Build.0 = Release|Any CPU
		{0CB16DB4-43FC-406F-B7E0-BA77AFF7B9AE}.Debug|Any CPU.ActiveCfg = Debug|Any CPU
		{0CB16DB4-43FC-406F-B7E0-BA77AFF7B9AE}.Debug|Any CPU.Build.0 = Debug|Any CPU
		{0CB16DB4-43FC-406F-B7E0-BA77AFF7B9AE}.Release|Any CPU.ActiveCfg = Release|Any CPU
		{0CB16DB4-43FC-406F-B7E0-BA77AFF7B9AE}.Release|Any CPU.Build.0 = Release|Any CPU
	EndGlobalSection
	GlobalSection(SolutionProperties) = preSolution
		HideSolutionNode = FALSE
	EndGlobalSection
	GlobalSection(ExtensibilityGlobals) = postSolution
		SolutionGuid = {02BDF523-8023-4573-B8A2-24194076E487}
	EndGlobalSection
EndGlobal
